
Microsoft Visual Studio Solution File, Format Version 12.00
# Visual Studio Version 16
VisualStudioVersion = 16.0.31727.386
MinimumVisualStudioVersion = 10.0.40219.1
Project("{8BC9CEB8-8B4A-11D0-8D11-00A0C91BC942}") = "Proyecto 2 Progra 2 Segunda vez", "Proyecto 2 Progra 2 Segunda vez.vcxproj", "{2D7F25F8-FF97-410F-A678-B9012BA59800}"
EndProject
Global
	GlobalSection(SolutionConfigurationPlatforms) = preSolution
		Debug|x64 = Debug|x64
		Debug|x86 = Debug|x86
		Release|x64 = Release|x64
		Release|x86 = Release|x86
	EndGlobalSection
	GlobalSection(ProjectConfigurationPlatforms) = postSolution
		{2D7F25F8-FF97-410F-A678-B9012BA59800}.Debug|x64.ActiveCfg = Debug|x64
		{2D7F25F8-FF97-410F-A678-B9012BA59800}.Debug|x64.Build.0 = Debug|x64
		{2D7F25F8-FF97-410F-A678-B9012BA59800}.Debug|x86.ActiveCfg = Debug|Win32
		{2D7F25F8-FF97-410F-A678-B9012BA59800}.Debug|x86.Build.0 = Debug|Win32
		{2D7F25F8-FF97-410F-A678-B9012BA59800}.Release|x64.ActiveCfg = Release|x64
		{2D7F25F8-FF97-410F-A678-B9012BA59800}.Release|x64.Build.0 = Release|x64
		{2D7F25F8-FF97-410F-A678-B9012BA59800}.Release|x86.ActiveCfg = Release|Win32
		{2D7F25F8-FF97-410F-A678-B9012BA59800}.Release|x86.Build.0 = Release|Win32
	EndGlobalSection
	GlobalSection(SolutionProperties) = preSolution
		HideSolutionNode = FALSE
	EndGlobalSection
	GlobalSection(ExtensibilityGlobals) = postSolution
		SolutionGuid = {E71A4868-04C0-4431-B4CB-FC44E322A289}
	EndGlobalSection
EndGlobal
